// !$*UTF8*$!
{
	archiveVersion = 1;
	classes = {
	};
	objectVersion = 46;
	objects = {

/* Begin PBXBuildFile section */
		6D2C1E111C86A22F005B1B4D /* Forecast.swift in Sources */ = {isa = PBXBuildFile; fileRef = 6D2C1E101C86A22F005B1B4D /* Forecast.swift */; };
		6D2C1E121C86A22F005B1B4D /* Forecast.swift in Sources */ = {isa = PBXBuildFile; fileRef = 6D2C1E101C86A22F005B1B4D /* Forecast.swift */; };
		6D2C1E181C86A4B9005B1B4D /* ForecastManagedObject+CoreDataProperties.swift in Sources */ = {isa = PBXBuildFile; fileRef = 6D2C1E141C86A4B9005B1B4D /* ForecastManagedObject+CoreDataProperties.swift */; };
		6D2C1E191C86A4B9005B1B4D /* ForecastManagedObject+CoreDataProperties.swift in Sources */ = {isa = PBXBuildFile; fileRef = 6D2C1E141C86A4B9005B1B4D /* ForecastManagedObject+CoreDataProperties.swift */; };
		6D2C1E1A1C86A4B9005B1B4D /* ForecastManagedObject.swift in Sources */ = {isa = PBXBuildFile; fileRef = 6D2C1E151C86A4B9005B1B4D /* ForecastManagedObject.swift */; };
		6D2C1E1B1C86A4B9005B1B4D /* ForecastManagedObject.swift in Sources */ = {isa = PBXBuildFile; fileRef = 6D2C1E151C86A4B9005B1B4D /* ForecastManagedObject.swift */; };
		6D2C1E1F1C86A5FD005B1B4D /* weatheralert.sqlite in Resources */ = {isa = PBXBuildFile; fileRef = 6D2C1E1C1C86A5FD005B1B4D /* weatheralert.sqlite */; };
		6D2C1E201C86A5FD005B1B4D /* weatheralert.sqlite in Resources */ = {isa = PBXBuildFile; fileRef = 6D2C1E1C1C86A5FD005B1B4D /* weatheralert.sqlite */; };
		6D2C1E211C86A5FD005B1B4D /* weatheralert.sqlite-shm in Resources */ = {isa = PBXBuildFile; fileRef = 6D2C1E1D1C86A5FD005B1B4D /* weatheralert.sqlite-shm */; };
		6D2C1E221C86A5FD005B1B4D /* weatheralert.sqlite-shm in Resources */ = {isa = PBXBuildFile; fileRef = 6D2C1E1D1C86A5FD005B1B4D /* weatheralert.sqlite-shm */; };
		6D2C1E231C86A5FD005B1B4D /* weatheralert.sqlite-wal in Resources */ = {isa = PBXBuildFile; fileRef = 6D2C1E1E1C86A5FD005B1B4D /* weatheralert.sqlite-wal */; };
		6D2C1E241C86A5FD005B1B4D /* weatheralert.sqlite-wal in Resources */ = {isa = PBXBuildFile; fileRef = 6D2C1E1E1C86A5FD005B1B4D /* weatheralert.sqlite-wal */; };
		6D6976561C8583BC009062D2 /* NSDictionary+asParamatisedString.swift in Sources */ = {isa = PBXBuildFile; fileRef = 6D6976551C8583BC009062D2 /* NSDictionary+asParamatisedString.swift */; };
		6D6976571C8583BC009062D2 /* NSDictionary+asParamatisedString.swift in Sources */ = {isa = PBXBuildFile; fileRef = 6D6976551C8583BC009062D2 /* NSDictionary+asParamatisedString.swift */; };
		6D6976591C8584C2009062D2 /* String+withTerminatingSlash.swift in Sources */ = {isa = PBXBuildFile; fileRef = 6D6976581C8584C2009062D2 /* String+withTerminatingSlash.swift */; };
		6D69765A1C8584C2009062D2 /* String+withTerminatingSlash.swift in Sources */ = {isa = PBXBuildFile; fileRef = 6D6976581C8584C2009062D2 /* String+withTerminatingSlash.swift */; };
		6D69765C1C85851E009062D2 /* NSData+asJSONObject.swift in Sources */ = {isa = PBXBuildFile; fileRef = 6D69765B1C85851E009062D2 /* NSData+asJSONObject.swift */; };
		6D69765D1C85851E009062D2 /* NSData+asJSONObject.swift in Sources */ = {isa = PBXBuildFile; fileRef = 6D69765B1C85851E009062D2 /* NSData+asJSONObject.swift */; };
		6D69765F1C8586EC009062D2 /* APIWeather.swift in Sources */ = {isa = PBXBuildFile; fileRef = 6D69765E1C8586EC009062D2 /* APIWeather.swift */; };
		6D6976601C8586EC009062D2 /* APIWeather.swift in Sources */ = {isa = PBXBuildFile; fileRef = 6D69765E1C8586EC009062D2 /* APIWeather.swift */; };
		6D6976621C8586FA009062D2 /* APIForecast.swift in Sources */ = {isa = PBXBuildFile; fileRef = 6D6976611C8586FA009062D2 /* APIForecast.swift */; };
		6D6976631C8586FA009062D2 /* APIForecast.swift in Sources */ = {isa = PBXBuildFile; fileRef = 6D6976611C8586FA009062D2 /* APIForecast.swift */; };
		6D6976651C85CCAA009062D2 /* Assets.xcassets in Resources */ = {isa = PBXBuildFile; fileRef = 6DA6DC8D1C848B9F000921C9 /* Assets.xcassets */; };
		6D6976671C85D34A009062D2 /* weatheralert.xcdatamodeld in Sources */ = {isa = PBXBuildFile; fileRef = 6DA6DC8A1C848B9F000921C9 /* weatheralert.xcdatamodeld */; };
		6D69766C1C85D450009062D2 /* SignatureManagedObject+CoreDataProperties.swift in Sources */ = {isa = PBXBuildFile; fileRef = 6D6976681C85D450009062D2 /* SignatureManagedObject+CoreDataProperties.swift */; };
		6D69766D1C85D450009062D2 /* SignatureManagedObject+CoreDataProperties.swift in Sources */ = {isa = PBXBuildFile; fileRef = 6D6976681C85D450009062D2 /* SignatureManagedObject+CoreDataProperties.swift */; };
		6D69766E1C85D450009062D2 /* SignatureManagedObject.swift in Sources */ = {isa = PBXBuildFile; fileRef = 6D6976691C85D450009062D2 /* SignatureManagedObject.swift */; };
		6D69766F1C85D450009062D2 /* SignatureManagedObject.swift in Sources */ = {isa = PBXBuildFile; fileRef = 6D6976691C85D450009062D2 /* SignatureManagedObject.swift */; };
		6D6976701C85D450009062D2 /* LocationManagedObject+CoreDataProperties.swift in Sources */ = {isa = PBXBuildFile; fileRef = 6D69766A1C85D450009062D2 /* LocationManagedObject+CoreDataProperties.swift */; };
		6D6976711C85D450009062D2 /* LocationManagedObject+CoreDataProperties.swift in Sources */ = {isa = PBXBuildFile; fileRef = 6D69766A1C85D450009062D2 /* LocationManagedObject+CoreDataProperties.swift */; };
		6D6976721C85D450009062D2 /* LocationManagedObject.swift in Sources */ = {isa = PBXBuildFile; fileRef = 6D69766B1C85D450009062D2 /* LocationManagedObject.swift */; };
		6D6976731C85D450009062D2 /* LocationManagedObject.swift in Sources */ = {isa = PBXBuildFile; fileRef = 6D69766B1C85D450009062D2 /* LocationManagedObject.swift */; };
		6D6976791C85DB5C009062D2 /* RootViewController+CoreData.swift in Sources */ = {isa = PBXBuildFile; fileRef = 6D6976781C85DB5C009062D2 /* RootViewController+CoreData.swift */; };
		6D69767A1C85DB5C009062D2 /* RootViewController+CoreData.swift in Sources */ = {isa = PBXBuildFile; fileRef = 6D6976781C85DB5C009062D2 /* RootViewController+CoreData.swift */; };
		6D8ED0B41C84A12800A791AB /* RootViewController.swift in Sources */ = {isa = PBXBuildFile; fileRef = 6DA6DC851C848B9F000921C9 /* RootViewController.swift */; };
		6D8ED0B51C84A13C00A791AB /* Main.storyboard in Resources */ = {isa = PBXBuildFile; fileRef = 6DA6DC871C848B9F000921C9 /* Main.storyboard */; };
		6D8ED0B61C84A14300A791AB /* LaunchScreen.storyboard in Resources */ = {isa = PBXBuildFile; fileRef = 6DA6DC8F1C848B9F000921C9 /* LaunchScreen.storyboard */; };
		6D8ED0B71C84A14900A791AB /* ApplicationManagerSingleton.swift in Sources */ = {isa = PBXBuildFile; fileRef = 6DA6DCAA1C849061000921C9 /* ApplicationManagerSingleton.swift */; };
		6D8ED0B81C84A14900A791AB /* CoreDataManagerExtension.swift in Sources */ = {isa = PBXBuildFile; fileRef = 6DA6DCA61C84900F000921C9 /* CoreDataManagerExtension.swift */; };
		6D8ED0B91C84A14900A791AB /* CoreDataManagerSingleton.swift in Sources */ = {isa = PBXBuildFile; fileRef = 6DA6DCA71C84900F000921C9 /* CoreDataManagerSingleton.swift */; };
		6D8ED0BD1C84A46900A791AB /* Location.swift in Sources */ = {isa = PBXBuildFile; fileRef = 6D8ED0BC1C84A46900A791AB /* Location.swift */; };
		6D8ED0BE1C84A46900A791AB /* Location.swift in Sources */ = {isa = PBXBuildFile; fileRef = 6D8ED0BC1C84A46900A791AB /* Location.swift */; };
		6D8ED0C01C84AE0800A791AB /* Default-568h@2x.png in Resources */ = {isa = PBXBuildFile; fileRef = 6D8ED0BF1C84AE0800A791AB /* Default-568h@2x.png */; };
		6D8ED0C61C84DF7C00A791AB /* AddLocationViewController.swift in Sources */ = {isa = PBXBuildFile; fileRef = 6D8ED0C51C84DF7C00A791AB /* AddLocationViewController.swift */; };
		6D8ED0C71C84DF7C00A791AB /* AddLocationViewController.swift in Sources */ = {isa = PBXBuildFile; fileRef = 6D8ED0C51C84DF7C00A791AB /* AddLocationViewController.swift */; };
		6D8ED0C91C84E5BA00A791AB /* LocationDetailViewController.swift in Sources */ = {isa = PBXBuildFile; fileRef = 6D8ED0C81C84E5BA00A791AB /* LocationDetailViewController.swift */; };
		6D8ED0CA1C84E5BA00A791AB /* LocationDetailViewController.swift in Sources */ = {isa = PBXBuildFile; fileRef = 6D8ED0C81C84E5BA00A791AB /* LocationDetailViewController.swift */; };
		6DA6DC841C848B9F000921C9 /* AppDelegate.swift in Sources */ = {isa = PBXBuildFile; fileRef = 6DA6DC831C848B9F000921C9 /* AppDelegate.swift */; };
		6DA6DC861C848B9F000921C9 /* RootViewController.swift in Sources */ = {isa = PBXBuildFile; fileRef = 6DA6DC851C848B9F000921C9 /* RootViewController.swift */; };
		6DA6DC891C848B9F000921C9 /* Main.storyboard in Resources */ = {isa = PBXBuildFile; fileRef = 6DA6DC871C848B9F000921C9 /* Main.storyboard */; };
		6DA6DC8C1C848B9F000921C9 /* weatheralert.xcdatamodeld in Sources */ = {isa = PBXBuildFile; fileRef = 6DA6DC8A1C848B9F000921C9 /* weatheralert.xcdatamodeld */; };
		6DA6DC8E1C848B9F000921C9 /* Assets.xcassets in Resources */ = {isa = PBXBuildFile; fileRef = 6DA6DC8D1C848B9F000921C9 /* Assets.xcassets */; };
		6DA6DC911C848B9F000921C9 /* LaunchScreen.storyboard in Resources */ = {isa = PBXBuildFile; fileRef = 6DA6DC8F1C848B9F000921C9 /* LaunchScreen.storyboard */; };
		6DA6DC9C1C848B9F000921C9 /* weatheralertTests.swift in Sources */ = {isa = PBXBuildFile; fileRef = 6DA6DC9B1C848B9F000921C9 /* weatheralertTests.swift */; };
		6DA6DCA81C84900F000921C9 /* CoreDataManagerExtension.swift in Sources */ = {isa = PBXBuildFile; fileRef = 6DA6DCA61C84900F000921C9 /* CoreDataManagerExtension.swift */; };
		6DA6DCA91C84900F000921C9 /* CoreDataManagerSingleton.swift in Sources */ = {isa = PBXBuildFile; fileRef = 6DA6DCA71C84900F000921C9 /* CoreDataManagerSingleton.swift */; };
		6DA6DCAB1C849061000921C9 /* ApplicationManagerSingleton.swift in Sources */ = {isa = PBXBuildFile; fileRef = 6DA6DCAA1C849061000921C9 /* ApplicationManagerSingleton.swift */; };
		6DA6DCB01C849C2C000921C9 /* FavouriteLocationsViewController.swift in Sources */ = {isa = PBXBuildFile; fileRef = 6DA6DCAF1C849C2C000921C9 /* FavouriteLocationsViewController.swift */; };
		6DA6DCB11C849C2C000921C9 /* FavouriteLocationsViewController.swift in Sources */ = {isa = PBXBuildFile; fileRef = 6DA6DCAF1C849C2C000921C9 /* FavouriteLocationsViewController.swift */; };
		6DA6DCB31C849CBA000921C9 /* LocationUITabelViewCell.swift in Sources */ = {isa = PBXBuildFile; fileRef = 6DA6DCB21C849CBA000921C9 /* LocationUITabelViewCell.swift */; };
		6DA6DCB41C849CBA000921C9 /* LocationUITabelViewCell.swift in Sources */ = {isa = PBXBuildFile; fileRef = 6DA6DCB21C849CBA000921C9 /* LocationUITabelViewCell.swift */; };
		6DDB5E981C857A7F00B580A7 /* APIManagerSingleton.swift in Sources */ = {isa = PBXBuildFile; fileRef = 6DDB5E971C857A7F00B580A7 /* APIManagerSingleton.swift */; };
		6DDB5E991C857A7F00B580A7 /* APIManagerSingleton.swift in Sources */ = {isa = PBXBuildFile; fileRef = 6DDB5E971C857A7F00B580A7 /* APIManagerSingleton.swift */; };
		6DDB5E9C1C85814700B580A7 /* APIRoot.swift in Sources */ = {isa = PBXBuildFile; fileRef = 6DDB5E9B1C85814700B580A7 /* APIRoot.swift */; };
		6DDB5E9D1C85814700B580A7 /* APIRoot.swift in Sources */ = {isa = PBXBuildFile; fileRef = 6DDB5E9B1C85814700B580A7 /* APIRoot.swift */; };
/* End PBXBuildFile section */

/* Begin PBXContainerItemProxy section */
		6DA6DC981C848B9F000921C9 /* PBXContainerItemProxy */ = {
			isa = PBXContainerItemProxy;
			containerPortal = 6DA6DC781C848B9F000921C9 /* Project object */;
			proxyType = 1;
			remoteGlobalIDString = 6DA6DC7F1C848B9F000921C9;
			remoteInfo = weatheralert;
		};
/* End PBXContainerItemProxy section */

/* Begin PBXFileReference section */
		6D2C1E101C86A22F005B1B4D /* Forecast.swift */ = {isa = PBXFileReference; fileEncoding = 4; lastKnownFileType = sourcecode.swift; path = Forecast.swift; sourceTree = "<group>"; };
		6D2C1E141C86A4B9005B1B4D /* ForecastManagedObject+CoreDataProperties.swift */ = {isa = PBXFileReference; fileEncoding = 4; lastKnownFileType = sourcecode.swift; name = "ForecastManagedObject+CoreDataProperties.swift"; path = "../ForecastManagedObject+CoreDataProperties.swift"; sourceTree = "<group>"; };
		6D2C1E151C86A4B9005B1B4D /* ForecastManagedObject.swift */ = {isa = PBXFileReference; fileEncoding = 4; lastKnownFileType = sourcecode.swift; name = ForecastManagedObject.swift; path = ../ForecastManagedObject.swift; sourceTree = "<group>"; };
		6D2C1E1C1C86A5FD005B1B4D /* weatheralert.sqlite */ = {isa = PBXFileReference; lastKnownFileType = file; path = weatheralert.sqlite; sourceTree = "<group>"; };
		6D2C1E1D1C86A5FD005B1B4D /* weatheralert.sqlite-shm */ = {isa = PBXFileReference; lastKnownFileType = file; path = "weatheralert.sqlite-shm"; sourceTree = "<group>"; };
		6D2C1E1E1C86A5FD005B1B4D /* weatheralert.sqlite-wal */ = {isa = PBXFileReference; lastKnownFileType = file; path = "weatheralert.sqlite-wal"; sourceTree = "<group>"; };
		6D6976551C8583BC009062D2 /* NSDictionary+asParamatisedString.swift */ = {isa = PBXFileReference; fileEncoding = 4; lastKnownFileType = sourcecode.swift; path = "NSDictionary+asParamatisedString.swift"; sourceTree = "<group>"; };
		6D6976581C8584C2009062D2 /* String+withTerminatingSlash.swift */ = {isa = PBXFileReference; fileEncoding = 4; lastKnownFileType = sourcecode.swift; path = "String+withTerminatingSlash.swift"; sourceTree = "<group>"; };
		6D69765B1C85851E009062D2 /* NSData+asJSONObject.swift */ = {isa = PBXFileReference; fileEncoding = 4; lastKnownFileType = sourcecode.swift; path = "NSData+asJSONObject.swift"; sourceTree = "<group>"; };
		6D69765E1C8586EC009062D2 /* APIWeather.swift */ = {isa = PBXFileReference; fileEncoding = 4; lastKnownFileType = sourcecode.swift; path = APIWeather.swift; sourceTree = "<group>"; };
		6D6976611C8586FA009062D2 /* APIForecast.swift */ = {isa = PBXFileReference; fileEncoding = 4; lastKnownFileType = sourcecode.swift; path = APIForecast.swift; sourceTree = "<group>"; };
		6D6976681C85D450009062D2 /* SignatureManagedObject+CoreDataProperties.swift */ = {isa = PBXFileReference; fileEncoding = 4; lastKnownFileType = sourcecode.swift; name = "SignatureManagedObject+CoreDataProperties.swift"; path = "../SignatureManagedObject+CoreDataProperties.swift"; sourceTree = "<group>"; };
		6D6976691C85D450009062D2 /* SignatureManagedObject.swift */ = {isa = PBXFileReference; fileEncoding = 4; lastKnownFileType = sourcecode.swift; name = SignatureManagedObject.swift; path = ../SignatureManagedObject.swift; sourceTree = "<group>"; };
		6D69766A1C85D450009062D2 /* LocationManagedObject+CoreDataProperties.swift */ = {isa = PBXFileReference; fileEncoding = 4; lastKnownFileType = sourcecode.swift; name = "LocationManagedObject+CoreDataProperties.swift"; path = "../LocationManagedObject+CoreDataProperties.swift"; sourceTree = "<group>"; };
		6D69766B1C85D450009062D2 /* LocationManagedObject.swift */ = {isa = PBXFileReference; fileEncoding = 4; lastKnownFileType = sourcecode.swift; name = LocationManagedObject.swift; path = ../LocationManagedObject.swift; sourceTree = "<group>"; };
		6D6976781C85DB5C009062D2 /* RootViewController+CoreData.swift */ = {isa = PBXFileReference; fileEncoding = 4; lastKnownFileType = sourcecode.swift; path = "RootViewController+CoreData.swift"; sourceTree = "<group>"; };
		6D8ED0BC1C84A46900A791AB /* Location.swift */ = {isa = PBXFileReference; fileEncoding = 4; lastKnownFileType = sourcecode.swift; path = Location.swift; sourceTree = "<group>"; };
		6D8ED0BF1C84AE0800A791AB /* Default-568h@2x.png */ = {isa = PBXFileReference; lastKnownFileType = image.png; path = "Default-568h@2x.png"; sourceTree = "<group>"; };
		6D8ED0C51C84DF7C00A791AB /* AddLocationViewController.swift */ = {isa = PBXFileReference; fileEncoding = 4; lastKnownFileType = sourcecode.swift; path = AddLocationViewController.swift; sourceTree = "<group>"; };
		6D8ED0C81C84E5BA00A791AB /* LocationDetailViewController.swift */ = {isa = PBXFileReference; fileEncoding = 4; lastKnownFileType = sourcecode.swift; path = LocationDetailViewController.swift; sourceTree = "<group>"; };
		6DA6DC801C848B9F000921C9 /* weatheralert.app */ = {isa = PBXFileReference; explicitFileType = wrapper.application; includeInIndex = 0; path = weatheralert.app; sourceTree = BUILT_PRODUCTS_DIR; };
		6DA6DC831C848B9F000921C9 /* AppDelegate.swift */ = {isa = PBXFileReference; lastKnownFileType = sourcecode.swift; path = AppDelegate.swift; sourceTree = "<group>"; };
		6DA6DC851C848B9F000921C9 /* RootViewController.swift */ = {isa = PBXFileReference; lastKnownFileType = sourcecode.swift; path = RootViewController.swift; sourceTree = "<group>"; };
		6DA6DC881C848B9F000921C9 /* Base */ = {isa = PBXFileReference; lastKnownFileType = file.storyboard; name = Base; path = Base.lproj/Main.storyboard; sourceTree = "<group>"; };
		6DA6DC8B1C848B9F000921C9 /* weatheralert.xcdatamodel */ = {isa = PBXFileReference; lastKnownFileType = wrapper.xcdatamodel; path = weatheralert.xcdatamodel; sourceTree = "<group>"; };
		6DA6DC8D1C848B9F000921C9 /* Assets.xcassets */ = {isa = PBXFileReference; lastKnownFileType = folder.assetcatalog; path = Assets.xcassets; sourceTree = "<group>"; };
		6DA6DC901C848B9F000921C9 /* Base */ = {isa = PBXFileReference; lastKnownFileType = file.storyboard; name = Base; path = Base.lproj/LaunchScreen.storyboard; sourceTree = "<group>"; };
		6DA6DC921C848B9F000921C9 /* Info.plist */ = {isa = PBXFileReference; lastKnownFileType = text.plist.xml; path = Info.plist; sourceTree = "<group>"; };
		6DA6DC971C848B9F000921C9 /* weatheralertTests.xctest */ = {isa = PBXFileReference; explicitFileType = wrapper.cfbundle; includeInIndex = 0; path = weatheralertTests.xctest; sourceTree = BUILT_PRODUCTS_DIR; };
		6DA6DC9B1C848B9F000921C9 /* weatheralertTests.swift */ = {isa = PBXFileReference; lastKnownFileType = sourcecode.swift; path = weatheralertTests.swift; sourceTree = "<group>"; };
		6DA6DC9D1C848B9F000921C9 /* Info.plist */ = {isa = PBXFileReference; lastKnownFileType = text.plist.xml; path = Info.plist; sourceTree = "<group>"; };
		6DA6DCA61C84900F000921C9 /* CoreDataManagerExtension.swift */ = {isa = PBXFileReference; fileEncoding = 4; lastKnownFileType = sourcecode.swift; path = CoreDataManagerExtension.swift; sourceTree = "<group>"; };
		6DA6DCA71C84900F000921C9 /* CoreDataManagerSingleton.swift */ = {isa = PBXFileReference; fileEncoding = 4; lastKnownFileType = sourcecode.swift; path = CoreDataManagerSingleton.swift; sourceTree = "<group>"; };
		6DA6DCAA1C849061000921C9 /* ApplicationManagerSingleton.swift */ = {isa = PBXFileReference; fileEncoding = 4; lastKnownFileType = sourcecode.swift; path = ApplicationManagerSingleton.swift; sourceTree = "<group>"; };
		6DA6DCAF1C849C2C000921C9 /* FavouriteLocationsViewController.swift */ = {isa = PBXFileReference; fileEncoding = 4; lastKnownFileType = sourcecode.swift; path = FavouriteLocationsViewController.swift; sourceTree = "<group>"; };
		6DA6DCB21C849CBA000921C9 /* LocationUITabelViewCell.swift */ = {isa = PBXFileReference; fileEncoding = 4; lastKnownFileType = sourcecode.swift; path = LocationUITabelViewCell.swift; sourceTree = "<group>"; };
		6DDB5E971C857A7F00B580A7 /* APIManagerSingleton.swift */ = {isa = PBXFileReference; fileEncoding = 4; lastKnownFileType = sourcecode.swift; path = APIManagerSingleton.swift; sourceTree = "<group>"; };
		6DDB5E9B1C85814700B580A7 /* APIRoot.swift */ = {isa = PBXFileReference; fileEncoding = 4; lastKnownFileType = sourcecode.swift; path = APIRoot.swift; sourceTree = "<group>"; };
/* End PBXFileReference section */

/* Begin PBXFrameworksBuildPhase section */
		6DA6DC7D1C848B9F000921C9 /* Frameworks */ = {
			isa = PBXFrameworksBuildPhase;
			buildActionMask = 2147483647;
			files = (
			);
			runOnlyForDeploymentPostprocessing = 0;
		};
		6DA6DC941C848B9F000921C9 /* Frameworks */ = {
			isa = PBXFrameworksBuildPhase;
			buildActionMask = 2147483647;
			files = (
			);
			runOnlyForDeploymentPostprocessing = 0;
		};
/* End PBXFrameworksBuildPhase section */

/* Begin PBXGroup section */
		6D6976541C85832C009062D2 /* API */ = {
			isa = PBXGroup;
			children = (
				6DDB5E9B1C85814700B580A7 /* APIRoot.swift */,
				6D69765E1C8586EC009062D2 /* APIWeather.swift */,
				6D6976611C8586FA009062D2 /* APIForecast.swift */,
			);
			name = API;
			sourceTree = "<group>";
		};
		6D6976661C85D2C4009062D2 /* CoreData */ = {
			isa = PBXGroup;
			children = (
				6DA6DC8A1C848B9F000921C9 /* weatheralert.xcdatamodeld */,
				6D6976681C85D450009062D2 /* SignatureManagedObject+CoreDataProperties.swift */,
				6D6976691C85D450009062D2 /* SignatureManagedObject.swift */,
				6D69766A1C85D450009062D2 /* LocationManagedObject+CoreDataProperties.swift */,
				6D69766B1C85D450009062D2 /* LocationManagedObject.swift */,
				6D2C1E141C86A4B9005B1B4D /* ForecastManagedObject+CoreDataProperties.swift */,
				6D2C1E151C86A4B9005B1B4D /* ForecastManagedObject.swift */,
				6D2C1E1C1C86A5FD005B1B4D /* weatheralert.sqlite */,
				6D2C1E1D1C86A5FD005B1B4D /* weatheralert.sqlite-shm */,
				6D2C1E1E1C86A5FD005B1B4D /* weatheralert.sqlite-wal */,
			);
			name = CoreData;
			sourceTree = "<group>";
		};
		6D8ED0BB1C84A44400A791AB /* Structs */ = {
			isa = PBXGroup;
			children = (
				6D8ED0BC1C84A46900A791AB /* Location.swift */,
				6D2C1E101C86A22F005B1B4D /* Forecast.swift */,
			);
			name = Structs;
			sourceTree = "<group>";
		};
		6D8ED0C11C84CB9800A791AB /* Extensions */ = {
			isa = PBXGroup;
			children = (
				6D6976551C8583BC009062D2 /* NSDictionary+asParamatisedString.swift */,
				6D6976581C8584C2009062D2 /* String+withTerminatingSlash.swift */,
				6D69765B1C85851E009062D2 /* NSData+asJSONObject.swift */,
			);
			name = Extensions;
			sourceTree = "<group>";
		};
		6DA6DC771C848B9F000921C9 = {
			isa = PBXGroup;
			children = (
				6D6976541C85832C009062D2 /* API */,
				6D8ED0C11C84CB9800A791AB /* Extensions */,
				6D8ED0BF1C84AE0800A791AB /* Default-568h@2x.png */,
				6DA6DC821C848B9F000921C9 /* weatheralert */,
				6DA6DC9A1C848B9F000921C9 /* weatheralertTests */,
				6DA6DC811C848B9F000921C9 /* Products */,
			);
			sourceTree = "<group>";
		};
		6DA6DC811C848B9F000921C9 /* Products */ = {
			isa = PBXGroup;
			children = (
				6DA6DC801C848B9F000921C9 /* weatheralert.app */,
				6DA6DC971C848B9F000921C9 /* weatheralertTests.xctest */,
			);
			name = Products;
			sourceTree = "<group>";
		};
		6DA6DC821C848B9F000921C9 /* weatheralert */ = {
			isa = PBXGroup;
			children = (
				6D8ED0BB1C84A44400A791AB /* Structs */,
				6DA6DCB51C849D68000921C9 /* CustomCells */,
				6DA6DCAE1C849BD0000921C9 /* ViewControllers */,
				6DA6DCAD1C8493AE000921C9 /* Storyboards */,
				6DA6DCAC1C84932B000921C9 /* SingletonManagers */,
				6D6976661C85D2C4009062D2 /* CoreData */,
				6DA6DC8D1C848B9F000921C9 /* Assets.xcassets */,
				6DA6DC831C848B9F000921C9 /* AppDelegate.swift */,
				6DA6DC921C848B9F000921C9 /* Info.plist */,
			);
			path = weatheralert;
			sourceTree = "<group>";
		};
		6DA6DC9A1C848B9F000921C9 /* weatheralertTests */ = {
			isa = PBXGroup;
			children = (
				6DA6DC9B1C848B9F000921C9 /* weatheralertTests.swift */,
				6DA6DC9D1C848B9F000921C9 /* Info.plist */,
			);
			path = weatheralertTests;
			sourceTree = "<group>";
		};
		6DA6DCAC1C84932B000921C9 /* SingletonManagers */ = {
			isa = PBXGroup;
			children = (
				6DDB5E971C857A7F00B580A7 /* APIManagerSingleton.swift */,
				6DA6DCAA1C849061000921C9 /* ApplicationManagerSingleton.swift */,
				6DA6DCA61C84900F000921C9 /* CoreDataManagerExtension.swift */,
				6DA6DCA71C84900F000921C9 /* CoreDataManagerSingleton.swift */,
			);
			name = SingletonManagers;
			sourceTree = "<group>";
		};
		6DA6DCAD1C8493AE000921C9 /* Storyboards */ = {
			isa = PBXGroup;
			children = (
				6DA6DC871C848B9F000921C9 /* Main.storyboard */,
				6DA6DC8F1C848B9F000921C9 /* LaunchScreen.storyboard */,
			);
			name = Storyboards;
			sourceTree = "<group>";
		};
		6DA6DCAE1C849BD0000921C9 /* ViewControllers */ = {
			isa = PBXGroup;
			children = (
				6DA6DC851C848B9F000921C9 /* RootViewController.swift */,
				6DA6DCAF1C849C2C000921C9 /* FavouriteLocationsViewController.swift */,
				6D8ED0C51C84DF7C00A791AB /* AddLocationViewController.swift */,
				6D6976781C85DB5C009062D2 /* RootViewController+CoreData.swift */,
				6D8ED0C81C84E5BA00A791AB /* LocationDetailViewController.swift */,
			);
			name = ViewControllers;
			sourceTree = "<group>";
		};
		6DA6DCB51C849D68000921C9 /* CustomCells */ = {
			isa = PBXGroup;
			children = (
				6DA6DCB21C849CBA000921C9 /* LocationUITabelViewCell.swift */,
			);
			name = CustomCells;
			sourceTree = "<group>";
		};
/* End PBXGroup section */

/* Begin PBXNativeTarget section */
		6DA6DC7F1C848B9F000921C9 /* weatheralert */ = {
			isa = PBXNativeTarget;
			buildConfigurationList = 6DA6DCA01C848B9F000921C9 /* Build configuration list for PBXNativeTarget "weatheralert" */;
			buildPhases = (
				6DA6DC7C1C848B9F000921C9 /* Sources */,
				6DA6DC7D1C848B9F000921C9 /* Frameworks */,
				6DA6DC7E1C848B9F000921C9 /* Resources */,
			);
			buildRules = (
			);
			dependencies = (
			);
			name = weatheralert;
			productName = weatheralert;
			productReference = 6DA6DC801C848B9F000921C9 /* weatheralert.app */;
			productType = "com.apple.product-type.application";
		};
		6DA6DC961C848B9F000921C9 /* weatheralertTests */ = {
			isa = PBXNativeTarget;
			buildConfigurationList = 6DA6DCA31C848B9F000921C9 /* Build configuration list for PBXNativeTarget "weatheralertTests" */;
			buildPhases = (
				6DA6DC931C848B9F000921C9 /* Sources */,
				6DA6DC941C848B9F000921C9 /* Frameworks */,
				6DA6DC951C848B9F000921C9 /* Resources */,
			);
			buildRules = (
			);
			dependencies = (
				6DA6DC991C848B9F000921C9 /* PBXTargetDependency */,
			);
			name = weatheralertTests;
			productName = weatheralertTests;
			productReference = 6DA6DC971C848B9F000921C9 /* weatheralertTests.xctest */;
			productType = "com.apple.product-type.bundle.unit-test";
		};
/* End PBXNativeTarget section */

/* Begin PBXProject section */
		6DA6DC781C848B9F000921C9 /* Project object */ = {
			isa = PBXProject;
			attributes = {
				LastSwiftUpdateCheck = 0720;
				LastUpgradeCheck = 0720;
				ORGANIZATIONNAME = "Damien Laughton";
				TargetAttributes = {
					6DA6DC7F1C848B9F000921C9 = {
						CreatedOnToolsVersion = 7.2.1;
					};
					6DA6DC961C848B9F000921C9 = {
						CreatedOnToolsVersion = 7.2.1;
						TestTargetID = 6DA6DC7F1C848B9F000921C9;
					};
				};
			};
			buildConfigurationList = 6DA6DC7B1C848B9F000921C9 /* Build configuration list for PBXProject "weatheralert" */;
			compatibilityVersion = "Xcode 3.2";
			developmentRegion = English;
			hasScannedForEncodings = 0;
			knownRegions = (
				en,
				Base,
			);
			mainGroup = 6DA6DC771C848B9F000921C9;
			productRefGroup = 6DA6DC811C848B9F000921C9 /* Products */;
			projectDirPath = "";
			projectRoot = "";
			targets = (
				6DA6DC7F1C848B9F000921C9 /* weatheralert */,
				6DA6DC961C848B9F000921C9 /* weatheralertTests */,
			);
		};
/* End PBXProject section */

/* Begin PBXResourcesBuildPhase section */
		6DA6DC7E1C848B9F000921C9 /* Resources */ = {
			isa = PBXResourcesBuildPhase;
			buildActionMask = 2147483647;
			files = (
				6DA6DC911C848B9F000921C9 /* LaunchScreen.storyboard in Resources */,
				6D8ED0C01C84AE0800A791AB /* Default-568h@2x.png in Resources */,
				6DA6DC8E1C848B9F000921C9 /* Assets.xcassets in Resources */,
				6D2C1E1F1C86A5FD005B1B4D /* weatheralert.sqlite in Resources */,
				6D2C1E231C86A5FD005B1B4D /* weatheralert.sqlite-wal in Resources */,
				6D2C1E211C86A5FD005B1B4D /* weatheralert.sqlite-shm in Resources */,
				6DA6DC891C848B9F000921C9 /* Main.storyboard in Resources */,
			);
			runOnlyForDeploymentPostprocessing = 0;
		};
		6DA6DC951C848B9F000921C9 /* Resources */ = {
			isa = PBXResourcesBuildPhase;
			buildActionMask = 2147483647;
			files = (
				6D8ED0B51C84A13C00A791AB /* Main.storyboard in Resources */,
				6D6976651C85CCAA009062D2 /* Assets.xcassets in Resources */,
				6D8ED0B61C84A14300A791AB /* LaunchScreen.storyboard in Resources */,
				6D2C1E221C86A5FD005B1B4D /* weatheralert.sqlite-shm in Resources */,
				6D2C1E241C86A5FD005B1B4D /* weatheralert.sqlite-wal in Resources */,
				6D2C1E201C86A5FD005B1B4D /* weatheralert.sqlite in Resources */,
			);
			runOnlyForDeploymentPostprocessing = 0;
		};
/* End PBXResourcesBuildPhase section */

/* Begin PBXSourcesBuildPhase section */
		6DA6DC7C1C848B9F000921C9 /* Sources */ = {
			isa = PBXSourcesBuildPhase;
			buildActionMask = 2147483647;
			files = (
				6DDB5E981C857A7F00B580A7 /* APIManagerSingleton.swift in Sources */,
				6D6976621C8586FA009062D2 /* APIForecast.swift in Sources */,
				6DA6DCAB1C849061000921C9 /* ApplicationManagerSingleton.swift in Sources */,
				6D6976721C85D450009062D2 /* LocationManagedObject.swift in Sources */,
				6DA6DCA81C84900F000921C9 /* CoreDataManagerExtension.swift in Sources */,
				6D69766C1C85D450009062D2 /* SignatureManagedObject+CoreDataProperties.swift in Sources */,
				6DA6DCB31C849CBA000921C9 /* LocationUITabelViewCell.swift in Sources */,
				6D8ED0C91C84E5BA00A791AB /* LocationDetailViewController.swift in Sources */,
				6DA6DCB01C849C2C000921C9 /* FavouriteLocationsViewController.swift in Sources */,
				6D8ED0BD1C84A46900A791AB /* Location.swift in Sources */,
				6D69766E1C85D450009062D2 /* SignatureManagedObject.swift in Sources */,
				6DA6DC861C848B9F000921C9 /* RootViewController.swift in Sources */,
				6DA6DCA91C84900F000921C9 /* CoreDataManagerSingleton.swift in Sources */,
				6D8ED0C61C84DF7C00A791AB /* AddLocationViewController.swift in Sources */,
				6DA6DC8C1C848B9F000921C9 /* weatheralert.xcdatamodeld in Sources */,
				6D2C1E181C86A4B9005B1B4D /* ForecastManagedObject+CoreDataProperties.swift in Sources */,
				6D69765F1C8586EC009062D2 /* APIWeather.swift in Sources */,
				6D2C1E111C86A22F005B1B4D /* Forecast.swift in Sources */,
				6DA6DC841C848B9F000921C9 /* AppDelegate.swift in Sources */,
				6D2C1E1A1C86A4B9005B1B4D /* ForecastManagedObject.swift in Sources */,
				6DDB5E9C1C85814700B580A7 /* APIRoot.swift in Sources */,
				6D6976561C8583BC009062D2 /* NSDictionary+asParamatisedString.swift in Sources */,
				6D6976701C85D450009062D2 /* LocationManagedObject+CoreDataProperties.swift in Sources */,
				6D6976591C8584C2009062D2 /* String+withTerminatingSlash.swift in Sources */,
				6D69765C1C85851E009062D2 /* NSData+asJSONObject.swift in Sources */,
				6D6976791C85DB5C009062D2 /* RootViewController+CoreData.swift in Sources */,
			);
			runOnlyForDeploymentPostprocessing = 0;
		};
		6DA6DC931C848B9F000921C9 /* Sources */ = {
			isa = PBXSourcesBuildPhase;
			buildActionMask = 2147483647;
			files = (
				6DA6DCB41C849CBA000921C9 /* LocationUITabelViewCell.swift in Sources */,
				6D6976671C85D34A009062D2 /* weatheralert.xcdatamodeld in Sources */,
				6DA6DC9C1C848B9F000921C9 /* weatheralertTests.swift in Sources */,
				6D6976731C85D450009062D2 /* LocationManagedObject.swift in Sources */,
				6D6976631C8586FA009062D2 /* APIForecast.swift in Sources */,
				6D69766D1C85D450009062D2 /* SignatureManagedObject+CoreDataProperties.swift in Sources */,
				6DDB5E991C857A7F00B580A7 /* APIManagerSingleton.swift in Sources */,
				6D8ED0BE1C84A46900A791AB /* Location.swift in Sources */,
				6D8ED0B41C84A12800A791AB /* RootViewController.swift in Sources */,
				6D6976601C8586EC009062D2 /* APIWeather.swift in Sources */,
				6D69766F1C85D450009062D2 /* SignatureManagedObject.swift in Sources */,
				6D8ED0CA1C84E5BA00A791AB /* LocationDetailViewController.swift in Sources */,
				6D69765D1C85851E009062D2 /* NSData+asJSONObject.swift in Sources */,
				6DDB5E9D1C85814700B580A7 /* APIRoot.swift in Sources */,
				6D8ED0C71C84DF7C00A791AB /* AddLocationViewController.swift in Sources */,
				6D2C1E191C86A4B9005B1B4D /* ForecastManagedObject+CoreDataProperties.swift in Sources */,
				6D6976571C8583BC009062D2 /* NSDictionary+asParamatisedString.swift in Sources */,
				6D2C1E121C86A22F005B1B4D /* Forecast.swift in Sources */,
				6DA6DCB11C849C2C000921C9 /* FavouriteLocationsViewController.swift in Sources */,
				6D2C1E1B1C86A4B9005B1B4D /* ForecastManagedObject.swift in Sources */,
				6D8ED0B81C84A14900A791AB /* CoreDataManagerExtension.swift in Sources */,
				6D69765A1C8584C2009062D2 /* String+withTerminatingSlash.swift in Sources */,
				6D6976711C85D450009062D2 /* LocationManagedObject+CoreDataProperties.swift in Sources */,
				6D8ED0B71C84A14900A791AB /* ApplicationManagerSingleton.swift in Sources */,
				6D8ED0B91C84A14900A791AB /* CoreDataManagerSingleton.swift in Sources */,
				6D69767A1C85DB5C009062D2 /* RootViewController+CoreData.swift in Sources */,
			);
			runOnlyForDeploymentPostprocessing = 0;
		};
/* End PBXSourcesBuildPhase section */

/* Begin PBXTargetDependency section */
		6DA6DC991C848B9F000921C9 /* PBXTargetDependency */ = {
			isa = PBXTargetDependency;
			target = 6DA6DC7F1C848B9F000921C9 /* weatheralert */;
			targetProxy = 6DA6DC981C848B9F000921C9 /* PBXContainerItemProxy */;
		};
/* End PBXTargetDependency section */

/* Begin PBXVariantGroup section */
		6DA6DC871C848B9F000921C9 /* Main.storyboard */ = {
			isa = PBXVariantGroup;
			children = (
				6DA6DC881C848B9F000921C9 /* Base */,
			);
			name = Main.storyboard;
			sourceTree = "<group>";
		};
		6DA6DC8F1C848B9F000921C9 /* LaunchScreen.storyboard */ = {
			isa = PBXVariantGroup;
			children = (
				6DA6DC901C848B9F000921C9 /* Base */,
			);
			name = LaunchScreen.storyboard;
			sourceTree = "<group>";
		};
/* End PBXVariantGroup section */

/* Begin XCBuildConfiguration section */
		6DA6DC9E1C848B9F000921C9 /* Debug */ = {
			isa = XCBuildConfiguration;
			buildSettings = {
				ALWAYS_SEARCH_USER_PATHS = NO;
				CLANG_CXX_LANGUAGE_STANDARD = "gnu++0x";
				CLANG_CXX_LIBRARY = "libc++";
				CLANG_ENABLE_MODULES = YES;
				CLANG_ENABLE_OBJC_ARC = YES;
				CLANG_WARN_BOOL_CONVERSION = YES;
				CLANG_WARN_CONSTANT_CONVERSION = YES;
				CLANG_WARN_DIRECT_OBJC_ISA_USAGE = YES_ERROR;
				CLANG_WARN_EMPTY_BODY = YES;
				CLANG_WARN_ENUM_CONVERSION = YES;
				CLANG_WARN_INT_CONVERSION = YES;
				CLANG_WARN_OBJC_ROOT_CLASS = YES_ERROR;
				CLANG_WARN_UNREACHABLE_CODE = YES;
				CLANG_WARN__DUPLICATE_METHOD_MATCH = YES;
				"CODE_SIGN_IDENTITY[sdk=iphoneos*]" = "iPhone Developer";
				COPY_PHASE_STRIP = NO;
				DEBUG_INFORMATION_FORMAT = dwarf;
				ENABLE_STRICT_OBJC_MSGSEND = YES;
				ENABLE_TESTABILITY = YES;
				GCC_C_LANGUAGE_STANDARD = gnu99;
				GCC_DYNAMIC_NO_PIC = NO;
				GCC_NO_COMMON_BLOCKS = YES;
				GCC_OPTIMIZATION_LEVEL = 0;
				GCC_PREPROCESSOR_DEFINITIONS = (
					"DEBUG=1",
					"$(inherited)",
				);
				GCC_WARN_64_TO_32_BIT_CONVERSION = YES;
				GCC_WARN_ABOUT_RETURN_TYPE = YES_ERROR;
				GCC_WARN_UNDECLARED_SELECTOR = YES;
				GCC_WARN_UNINITIALIZED_AUTOS = YES_AGGRESSIVE;
				GCC_WARN_UNUSED_FUNCTION = YES;
				GCC_WARN_UNUSED_VARIABLE = YES;
				IPHONEOS_DEPLOYMENT_TARGET = 9.2;
				MTL_ENABLE_DEBUG_INFO = YES;
				ONLY_ACTIVE_ARCH = YES;
				SDKROOT = iphoneos;
				SWIFT_OPTIMIZATION_LEVEL = "-Onone";
			};
			name = Debug;
		};
		6DA6DC9F1C848B9F000921C9 /* Release */ = {
			isa = XCBuildConfiguration;
			buildSettings = {
				ALWAYS_SEARCH_USER_PATHS = NO;
				CLANG_CXX_LANGUAGE_STANDARD = "gnu++0x";
				CLANG_CXX_LIBRARY = "libc++";
				CLANG_ENABLE_MODULES = YES;
				CLANG_ENABLE_OBJC_ARC = YES;
				CLANG_WARN_BOOL_CONVERSION = YES;
				CLANG_WARN_CONSTANT_CONVERSION = YES;
				CLANG_WARN_DIRECT_OBJC_ISA_USAGE = YES_ERROR;
				CLANG_WARN_EMPTY_BODY = YES;
				CLANG_WARN_ENUM_CONVERSION = YES;
				CLANG_WARN_INT_CONVERSION = YES;
				CLANG_WARN_OBJC_ROOT_CLASS = YES_ERROR;
				CLANG_WARN_UNREACHABLE_CODE = YES;
				CLANG_WARN__DUPLICATE_METHOD_MATCH = YES;
				"CODE_SIGN_IDENTITY[sdk=iphoneos*]" = "iPhone Developer";
				COPY_PHASE_STRIP = NO;
				DEBUG_INFORMATION_FORMAT = "dwarf-with-dsym";
				ENABLE_NS_ASSERTIONS = NO;
				ENABLE_STRICT_OBJC_MSGSEND = YES;
				GCC_C_LANGUAGE_STANDARD = gnu99;
				GCC_NO_COMMON_BLOCKS = YES;
				GCC_WARN_64_TO_32_BIT_CONVERSION = YES;
				GCC_WARN_ABOUT_RETURN_TYPE = YES_ERROR;
				GCC_WARN_UNDECLARED_SELECTOR = YES;
				GCC_WARN_UNINITIALIZED_AUTOS = YES_AGGRESSIVE;
				GCC_WARN_UNUSED_FUNCTION = YES;
				GCC_WARN_UNUSED_VARIABLE = YES;
				IPHONEOS_DEPLOYMENT_TARGET = 9.2;
				MTL_ENABLE_DEBUG_INFO = NO;
				SDKROOT = iphoneos;
				VALIDATE_PRODUCT = YES;
			};
			name = Release;
		};
		6DA6DCA11C848B9F000921C9 /* Debug */ = {
			isa = XCBuildConfiguration;
			buildSettings = {
				ASSETCATALOG_COMPILER_APPICON_NAME = AppIcon;
				INFOPLIST_FILE = weatheralert/Info.plist;
				LD_RUNPATH_SEARCH_PATHS = "$(inherited) @executable_path/Frameworks";
				PRODUCT_BUNDLE_IDENTIFIER = com.mobilology.weatheralert;
				PRODUCT_NAME = "$(TARGET_NAME)";
			};
			name = Debug;
		};
		6DA6DCA21C848B9F000921C9 /* Release */ = {
			isa = XCBuildConfiguration;
			buildSettings = {
				ASSETCATALOG_COMPILER_APPICON_NAME = AppIcon;
				INFOPLIST_FILE = weatheralert/Info.plist;
				LD_RUNPATH_SEARCH_PATHS = "$(inherited) @executable_path/Frameworks";
				PRODUCT_BUNDLE_IDENTIFIER = com.mobilology.weatheralert;
				PRODUCT_NAME = "$(TARGET_NAME)";
			};
			name = Release;
		};
		6DA6DCA41C848B9F000921C9 /* Debug */ = {
			isa = XCBuildConfiguration;
			buildSettings = {
				BUNDLE_LOADER = "$(TEST_HOST)";
				INFOPLIST_FILE = weatheralertTests/Info.plist;
				LD_RUNPATH_SEARCH_PATHS = "$(inherited) @executable_path/Frameworks @loader_path/Frameworks";
				PRODUCT_BUNDLE_IDENTIFIER = com.mobilology.weatheralertTests;
				PRODUCT_NAME = "$(TARGET_NAME)";
				TEST_HOST = "$(BUILT_PRODUCTS_DIR)/weatheralert.app/weatheralert";
			};
			name = Debug;
		};
		6DA6DCA51C848B9F000921C9 /* Release */ = {
			isa = XCBuildConfiguration;
			buildSettings = {
				BUNDLE_LOADER = "$(TEST_HOST)";
				INFOPLIST_FILE = weatheralertTests/Info.plist;
				LD_RUNPATH_SEARCH_PATHS = "$(inherited) @executable_path/Frameworks @loader_path/Frameworks";
				PRODUCT_BUNDLE_IDENTIFIER = com.mobilology.weatheralertTests;
				PRODUCT_NAME = "$(TARGET_NAME)";
				TEST_HOST = "$(BUILT_PRODUCTS_DIR)/weatheralert.app/weatheralert";
			};
			name = Release;
		};
/* End XCBuildConfiguration section */

/* Begin XCConfigurationList section */
		6DA6DC7B1C848B9F000921C9 /* Build configuration list for PBXProject "weatheralert" */ = {
			isa = XCConfigurationList;
			buildConfigurations = (
				6DA6DC9E1C848B9F000921C9 /* Debug */,
				6DA6DC9F1C848B9F000921C9 /* Release */,
			);
			defaultConfigurationIsVisible = 0;
			defaultConfigurationName = Release;
		};
		6DA6DCA01C848B9F000921C9 /* Build configuration list for PBXNativeTarget "weatheralert" */ = {
			isa = XCConfigurationList;
			buildConfigurations = (
				6DA6DCA11C848B9F000921C9 /* Debug */,
				6DA6DCA21C848B9F000921C9 /* Release */,
			);
			defaultConfigurationIsVisible = 0;
			defaultConfigurationName = Release;
		};
		6DA6DCA31C848B9F000921C9 /* Build configuration list for PBXNativeTarget "weatheralertTests" */ = {
			isa = XCConfigurationList;
			buildConfigurations = (
				6DA6DCA41C848B9F000921C9 /* Debug */,
				6DA6DCA51C848B9F000921C9 /* Release */,
			);
			defaultConfigurationIsVisible = 0;
			defaultConfigurationName = Release;
		};
/* End XCConfigurationList section */

/* Begin XCVersionGroup section */
		6DA6DC8A1C848B9F000921C9 /* weatheralert.xcdatamodeld */ = {
			isa = XCVersionGroup;
			children = (
				6DA6DC8B1C848B9F000921C9 /* weatheralert.xcdatamodel */,
			);
			currentVersion = 6DA6DC8B1C848B9F000921C9 /* weatheralert.xcdatamodel */;
			path = weatheralert.xcdatamodeld;
			sourceTree = "<group>";
			versionGroupType = wrapper.xcdatamodel;
		};
/* End XCVersionGroup section */
	};
	rootObject = 6DA6DC781C848B9F000921C9 /* Project object */;
}
